{
    "_meta": {
        "hash": {
            "sha256": "3d334016a242e4b7ee2e7c489d44e2633740fe0c43251e26b91a32201106a325"
        },
        "pipfile-spec": 6,
        "requires": {
            "python_version": "3.8"
        },
        "sources": [
            {
                "name": "pypi",
                "url": "https://pypi.python.org/simple",
                "verify_ssl": true
            }
        ]
    },
    "default": {
        "dnslib": {
            "hashes": [
                "sha256:a6e36ca96c289e2cb4ac6aa05c037cbef318401ba8ff04a8676892ca79749c77"
            ],
            "index": "pypi",
            "version": "==0.9.19"
        }
    },
    "develop": {}
}
